
Microsoft Visual Studio Solution File, Format Version 12.00
# Visual Studio Version 16
VisualStudioVersion = 16.0.30523.141
MinimumVisualStudioVersion = 10.0.40219.1
Project("{9A19103F-16F7-4668-BE54-9A1E7A4F7556}") = "MarsRobots", "MarsRobots\MarsRobots.csproj", "{DDD28FBF-E1A2-4B01-91BE-F3D63A2469B1}"
EndProject
Project("{FAE04EC0-301F-11D3-BF4B-00C04F79EFBC}") = "MarsRobots.Test", "MarsRobots.Test\MarsRobots.Test.csproj", "{853DBB1D-5A8C-4760-BFE1-8C5C019CC785}"
EndProject
Global
	GlobalSection(SolutionConfigurationPlatforms) = preSolution
		Debug|Any CPU = Debug|Any CPU
		Release|Any CPU = Release|Any CPU
	EndGlobalSection
	GlobalSection(ProjectConfigurationPlatforms) = postSolution
		{DDD28FBF-E1A2-4B01-91BE-F3D63A2469B1}.Debug|Any CPU.ActiveCfg = Debug|Any CPU
		{DDD28FBF-E1A2-4B01-91BE-F3D63A2469B1}.Debug|Any CPU.Build.0 = Debug|Any CPU
		{DDD28FBF-E1A2-4B01-91BE-F3D63A2469B1}.Release|Any CPU.ActiveCfg = Release|Any CPU
		{DDD28FBF-E1A2-4B01-91BE-F3D63A2469B1}.Release|Any CPU.Build.0 = Release|Any CPU
		{853DBB1D-5A8C-4760-BFE1-8C5C019CC785}.Debug|Any CPU.ActiveCfg = Debug|Any CPU
		{853DBB1D-5A8C-4760-BFE1-8C5C019CC785}.Debug|Any CPU.Build.0 = Debug|Any CPU
		{853DBB1D-5A8C-4760-BFE1-8C5C019CC785}.Release|Any CPU.ActiveCfg = Release|Any CPU
		{853DBB1D-5A8C-4760-BFE1-8C5C019CC785}.Release|Any CPU.Build.0 = Release|Any CPU
	EndGlobalSection
	GlobalSection(SolutionProperties) = preSolution
		HideSolutionNode = FALSE
	EndGlobalSection
	GlobalSection(ExtensibilityGlobals) = postSolution
		SolutionGuid = {115AC626-FEAD-4E09-BA66-D6303F3E101F}
	EndGlobalSection
EndGlobal
